{
  "name": "macadamia",
  "version": "1.0.0",
  "lockfileVersion": 3,
  "requires": true,
  "packages": {
    "": {
      "name": "macadamia",
      "version": "1.0.0",
      "license": "MIT",
      "devDependencies": {
        "@types/cookieclicker": "^2.52.5"
      }
    },
    "node_modules/@types/cookieclicker": {
      "version": "2.52.5",
      "resolved": "https://registry.npmjs.org/@types/cookieclicker/-/cookieclicker-2.52.5.tgz",
      "integrity": "sha512-AzukxXZyg8hdceMnXBZxxJAkPE6YYOFqEWsYV6Njoc7ZILOGRwNUdZiEgxXwR/+CVYCkvu2F34sOr3rpJT4ubg==",
      "dev": true
    }
  }
}
